// !$*UTF8*$!
{
	archiveVersion = 1;
	classes = {
	};
	objectVersion = 55;
	objects = {

/* Begin PBXBuildFile section */
		BFC796AC272B35EF0005447D /* PropertyWrapperExampleApp.swift in Sources */ = {isa = PBXBuildFile; fileRef = BFC796AB272B35EF0005447D /* PropertyWrapperExampleApp.swift */; };
		BFC796AE272B35EF0005447D /* ContentView.swift in Sources */ = {isa = PBXBuildFile; fileRef = BFC796AD272B35EF0005447D /* ContentView.swift */; };
		BFC796B0272B35F10005447D /* Assets.xcassets in Resources */ = {isa = PBXBuildFile; fileRef = BFC796AF272B35F10005447D /* Assets.xcassets */; };
		BFC796B3272B35F10005447D /* Preview Assets.xcassets in Resources */ = {isa = PBXBuildFile; fileRef = BFC796B2272B35F10005447D /* Preview Assets.xcassets */; };
		BFC796D6272B366C0005447D /* ExampleModel.swift in Sources */ = {isa = PBXBuildFile; fileRef = BFC796D5272B366C0005447D /* ExampleModel.swift */; };
		BFC796D9272B36750005447D /* Clamp.swift in Sources */ = {isa = PBXBuildFile; fileRef = BFC796D7272B36750005447D /* Clamp.swift */; };
		BFC796E0272B42A20005447D /* PropertyWrapperExampleTests.swift in Sources */ = {isa = PBXBuildFile; fileRef = BFC796DF272B42A20005447D /* PropertyWrapperExampleTests.swift */; };
/* End PBXBuildFile section */

/* Begin PBXContainerItemProxy section */
		BFC796B9272B35F10005447D /* PBXContainerItemProxy */ = {
			isa = PBXContainerItemProxy;
			containerPortal = BFC796A0272B35EF0005447D /* Project object */;
			proxyType = 1;
			remoteGlobalIDString = BFC796A7272B35EF0005447D;
			remoteInfo = PropertyWrapperExample;
		};
/* End PBXContainerItemProxy section */

/* Begin PBXFileReference section */
		BFC796A8272B35EF0005447D /* PropertyWrapperExample.app */ = {isa = PBXFileReference; explicitFileType = wrapper.application; includeInIndex = 0; path = PropertyWrapperExample.app; sourceTree = BUILT_PRODUCTS_DIR; };
		BFC796AB272B35EF0005447D /* PropertyWrapperExampleApp.swift */ = {isa = PBXFileReference; lastKnownFileType = sourcecode.swift; path = PropertyWrapperExampleApp.swift; sourceTree = "<group>"; };
		BFC796AD272B35EF0005447D /* ContentView.swift */ = {isa = PBXFileReference; lastKnownFileType = sourcecode.swift; path = ContentView.swift; sourceTree = "<group>"; };
		BFC796AF272B35F10005447D /* Assets.xcassets */ = {isa = PBXFileReference; lastKnownFileType = folder.assetcatalog; path = Assets.xcassets; sourceTree = "<group>"; };
		BFC796B2272B35F10005447D /* Preview Assets.xcassets */ = {isa = PBXFileReference; lastKnownFileType = folder.assetcatalog; path = "Preview Assets.xcassets"; sourceTree = "<group>"; };
		BFC796B8272B35F10005447D /* PropertyWrapperExampleTests.xctest */ = {isa = PBXFileReference; explicitFileType = wrapper.cfbundle; includeInIndex = 0; path = PropertyWrapperExampleTests.xctest; sourceTree = BUILT_PRODUCTS_DIR; };
		BFC796D5272B366C0005447D /* ExampleModel.swift */ = {isa = PBXFileReference; fileEncoding = 4; lastKnownFileType = sourcecode.swift; path = ExampleModel.swift; sourceTree = "<group>"; };
		BFC796D7272B36750005447D /* Clamp.swift */ = {isa = PBXFileReference; fileEncoding = 4; lastKnownFileType = sourcecode.swift; path = Clamp.swift; sourceTree = "<group>"; };
		BFC796DF272B42A20005447D /* PropertyWrapperExampleTests.swift */ = {isa = PBXFileReference; fileEncoding = 4; lastKnownFileType = sourcecode.swift; path = PropertyWrapperExampleTests.swift; sourceTree = "<group>"; };
/* End PBXFileReference section */

/* Begin PBXFrameworksBuildPhase section */
		BFC796A5272B35EF0005447D /* Frameworks */ = {
			isa = PBXFrameworksBuildPhase;
			buildActionMask = 2147483647;
			files = (
			);
			runOnlyForDeploymentPostprocessing = 0;
		};
		BFC796B5272B35F10005447D /* Frameworks */ = {
			isa = PBXFrameworksBuildPhase;
			buildActionMask = 2147483647;
			files = (
			);
			runOnlyForDeploymentPostprocessing = 0;
		};
/* End PBXFrameworksBuildPhase section */

/* Begin PBXGroup section */
		BFC7969F272B35EF0005447D = {
			isa = PBXGroup;
			children = (
				BFC796AA272B35EF0005447D /* PropertyWrapperExample */,
				BFC796BB272B35F10005447D /* PropertyWrapperExampleTests */,
				BFC796A9272B35EF0005447D /* Products */,
			);
			sourceTree = "<group>";
		};
		BFC796A9272B35EF0005447D /* Products */ = {
			isa = PBXGroup;
			children = (
				BFC796A8272B35EF0005447D /* PropertyWrapperExample.app */,
				BFC796B8272B35F10005447D /* PropertyWrapperExampleTests.xctest */,
			);
			name = Products;
			sourceTree = "<group>";
		};
		BFC796AA272B35EF0005447D /* PropertyWrapperExample */ = {
			isa = PBXGroup;
			children = (
				BFC796AB272B35EF0005447D /* PropertyWrapperExampleApp.swift */,
				BFC796AD272B35EF0005447D /* ContentView.swift */,
				BFC796D5272B366C0005447D /* ExampleModel.swift */,
				BFC796D7272B36750005447D /* Clamp.swift */,
				BFC796AF272B35F10005447D /* Assets.xcassets */,
				BFC796B1272B35F10005447D /* Preview Content */,
			);
			path = PropertyWrapperExample;
			sourceTree = "<group>";
		};
		BFC796B1272B35F10005447D /* Preview Content */ = {
			isa = PBXGroup;
			children = (
				BFC796B2272B35F10005447D /* Preview Assets.xcassets */,
			);
			path = "Preview Content";
			sourceTree = "<group>";
		};
		BFC796BB272B35F10005447D /* PropertyWrapperExampleTests */ = {
			isa = PBXGroup;
			children = (
				BFC796DF272B42A20005447D /* PropertyWrapperExampleTests.swift */,
			);
			path = PropertyWrapperExampleTests;
			sourceTree = "<group>";
		};
/* End PBXGroup section */

/* Begin PBXNativeTarget section */
		BFC796A7272B35EF0005447D /* PropertyWrapperExample */ = {
			isa = PBXNativeTarget;
			buildConfigurationList = BFC796CC272B35F10005447D /* Build configuration list for PBXNativeTarget "PropertyWrapperExample" */;
			buildPhases = (
				BFC796A4272B35EF0005447D /* Sources */,
				BFC796A5272B35EF0005447D /* Frameworks */,
				BFC796A6272B35EF0005447D /* Resources */,
			);
			buildRules = (
			);
			dependencies = (
			);
			name = PropertyWrapperExample;
			productName = PropertyWrapperExample;
			productReference = BFC796A8272B35EF0005447D /* PropertyWrapperExample.app */;
			productType = "com.apple.product-type.application";
		};
		BFC796B7272B35F10005447D /* PropertyWrapperExampleTests */ = {
			isa = PBXNativeTarget;
			buildConfigurationList = BFC796CF272B35F10005447D /* Build configuration list for PBXNativeTarget "PropertyWrapperExampleTests" */;
			buildPhases = (
				BFC796B4272B35F10005447D /* Sources */,
				BFC796B5272B35F10005447D /* Frameworks */,
				BFC796B6272B35F10005447D /* Resources */,
			);
			buildRules = (
			);
			dependencies = (
				BFC796BA272B35F10005447D /* PBXTargetDependency */,
			);
			name = PropertyWrapperExampleTests;
			productName = PropertyWrapperExampleTests;
			productReference = BFC796B8272B35F10005447D /* PropertyWrapperExampleTests.xctest */;
			productType = "com.apple.product-type.bundle.unit-test";
		};
/* End PBXNativeTarget section */

/* Begin PBXProject section */
		BFC796A0272B35EF0005447D /* Project object */ = {
			isa = PBXProject;
			attributes = {
				BuildIndependentTargetsInParallel = 1;
				LastSwiftUpdateCheck = 1310;
				LastUpgradeCheck = 1310;
				TargetAttributes = {
					BFC796A7272B35EF0005447D = {
						CreatedOnToolsVersion = 13.1;
					};
					BFC796B7272B35F10005447D = {
						CreatedOnToolsVersion = 13.1;
						TestTargetID = BFC796A7272B35EF0005447D;
					};
				};
			};
			buildConfigurationList = BFC796A3272B35EF0005447D /* Build configuration list for PBXProject "PropertyWrapperExample" */;
			compatibilityVersion = "Xcode 13.0";
			developmentRegion = en;
			hasScannedForEncodings = 0;
			knownRegions = (
				en,
				Base,
			);
			mainGroup = BFC7969F272B35EF0005447D;
			productRefGroup = BFC796A9272B35EF0005447D /* Products */;
			projectDirPath = "";
			projectRoot = "";
			targets = (
				BFC796A7272B35EF0005447D /* PropertyWrapperExample */,
				BFC796B7272B35F10005447D /* PropertyWrapperExampleTests */,
			);
		};
/* End PBXProject section */

/* Begin PBXResourcesBuildPhase section */
		BFC796A6272B35EF0005447D /* Resources */ = {
			isa = PBXResourcesBuildPhase;
			buildActionMask = 2147483647;
			files = (
				BFC796B3272B35F10005447D /* Preview Assets.xcassets in Resources */,
				BFC796B0272B35F10005447D /* Assets.xcassets in Resources */,
			);
			runOnlyForDeploymentPostprocessing = 0;
		};
		BFC796B6272B35F10005447D /* Resources */ = {
			isa = PBXResourcesBuildPhase;
			buildActionMask = 2147483647;
			files = (
			);
			runOnlyForDeploymentPostprocessing = 0;
		};
/* End PBXResourcesBuildPhase section */

/* Begin PBXSourcesBuildPhase section */
		BFC796A4272B35EF0005447D /* Sources */ = {
			isa = PBXSourcesBuildPhase;
			buildActionMask = 2147483647;
			files = (
				BFC796D9272B36750005447D /* Clamp.swift in Sources */,
				BFC796AE272B35EF0005447D /* ContentView.swift in Sources */,
				BFC796AC272B35EF0005447D /* PropertyWrapperExampleApp.swift in Sources */,
				BFC796D6272B366C0005447D /* ExampleModel.swift in Sources */,
			);
			runOnlyForDeploymentPostprocessing = 0;
		};
		BFC796B4272B35F10005447D /* Sources */ = {
			isa = PBXSourcesBuildPhase;
			buildActionMask = 2147483647;
			files = (
				BFC796E0272B42A20005447D /* PropertyWrapperExampleTests.swift in Sources */,
			);
			runOnlyForDeploymentPostprocessing = 0;
		};
/* End PBXSourcesBuildPhase section */

/* Begin PBXTargetDependency section */
		BFC796BA272B35F10005447D /* PBXTargetDependency */ = {
			isa = PBXTargetDependency;
			target = BFC796A7272B35EF0005447D /* PropertyWrapperExample */;
			targetProxy = BFC796B9272B35F10005447D /* PBXContainerItemProxy */;
		};
/* End PBXTargetDependency section */

/* Begin XCBuildConfiguration section */
		BFC796CA272B35F10005447D /* Debug */ = {
			isa = XCBuildConfiguration;
			buildSettings = {
				ALWAYS_SEARCH_USER_PATHS = NO;
				CLANG_ANALYZER_NONNULL = YES;
				CLANG_ANALYZER_NUMBER_OBJECT_CONVERSION = YES_AGGRESSIVE;
				CLANG_CXX_LANGUAGE_STANDARD = "gnu++17";
				CLANG_CXX_LIBRARY = "libc++";
				CLANG_ENABLE_MODULES = YES;
				CLANG_ENABLE_OBJC_ARC = YES;
				CLANG_ENABLE_OBJC_WEAK = YES;
				CLANG_WARN_BLOCK_CAPTURE_AUTORELEASING = YES;
				CLANG_WARN_BOOL_CONVERSION = YES;
				CLANG_WARN_COMMA = YES;
				CLANG_WARN_CONSTANT_CONVERSION = YES;
				CLANG_WARN_DEPRECATED_OBJC_IMPLEMENTATIONS = YES;
				CLANG_WARN_DIRECT_OBJC_ISA_USAGE = YES_ERROR;
				CLANG_WARN_DOCUMENTATION_COMMENTS = YES;
				CLANG_WARN_EMPTY_BODY = YES;
				CLANG_WARN_ENUM_CONVERSION = YES;
				CLANG_WARN_INFINITE_RECURSION = YES;
				CLANG_WARN_INT_CONVERSION = YES;
				CLANG_WARN_NON_LITERAL_NULL_CONVERSION = YES;
				CLANG_WARN_OBJC_IMPLICIT_RETAIN_SELF = YES;
				CLANG_WARN_OBJC_LITERAL_CONVERSION = YES;
				CLANG_WARN_OBJC_ROOT_CLASS = YES_ERROR;
				CLANG_WARN_QUOTED_INCLUDE_IN_FRAMEWORK_HEADER = YES;
				CLANG_WARN_RANGE_LOOP_ANALYSIS = YES;
				CLANG_WARN_STRICT_PROTOTYPES = YES;
				CLANG_WARN_SUSPICIOUS_MOVE = YES;
				CLANG_WARN_UNGUARDED_AVAILABILITY = YES_AGGRESSIVE;
				CLANG_WARN_UNREACHABLE_CODE = YES;
				CLANG_WARN__DUPLICATE_METHOD_MATCH = YES;
				COPY_PHASE_STRIP = NO;
				DEBUG_INFORMATION_FORMAT = dwarf;
				ENABLE_STRICT_OBJC_MSGSEND = YES;
				ENABLE_TESTABILITY = YES;
				GCC_C_LANGUAGE_STANDARD = gnu11;
				GCC_DYNAMIC_NO_PIC = NO;
				GCC_NO_COMMON_BLOCKS = YES;
				GCC_OPTIMIZATION_LEVEL = 0;
				GCC_PREPROCESSOR_DEFINITIONS = (
					"DEBUG=1",
					"$(inherited)",
				);
				GCC_WARN_64_TO_32_BIT_CONVERSION = YES;
				GCC_WARN_ABOUT_RETURN_TYPE = YES_ERROR;
				GCC_WARN_UNDECLARED_SELECTOR = YES;
				GCC_WARN_UNINITIALIZED_AUTOS = YES_AGGRESSIVE;
				GCC_WARN_UNUSED_FUNCTION = YES;
				GCC_WARN_UNUSED_VARIABLE = YES;
				IPHONEOS_DEPLOYMENT_TARGET = 15.0;
				MTL_ENABLE_DEBUG_INFO = INCLUDE_SOURCE;
				MTL_FAST_MATH = YES;
				ONLY_ACTIVE_ARCH = YES;
				SDKROOT = iphoneos;
				SWIFT_ACTIVE_COMPILATION_CONDITIONS = DEBUG;
				SWIFT_OPTIMIZATION_LEVEL = "-Onone";
			};
			name = Debug;
		};
		BFC796CB272B35F10005447D /* Release */ = {
			isa = XCBuildConfiguration;
			buildSettings = {
				ALWAYS_SEARCH_USER_PATHS = NO;
				CLANG_ANALYZER_NONNULL = YES;
				CLANG_ANALYZER_NUMBER_OBJECT_CONVERSION = YES_AGGRESSIVE;
				CLANG_CXX_LANGUAGE_STANDARD = "gnu++17";
				CLANG_CXX_LIBRARY = "libc++";
				CLANG_ENABLE_MODULES = YES;
				CLANG_ENABLE_OBJC_ARC = YES;
				CLANG_ENABLE_OBJC_WEAK = YES;
				CLANG_WARN_BLOCK_CAPTURE_AUTORELEASING = YES;
				CLANG_WARN_BOOL_CONVERSION = YES;
				CLANG_WARN_COMMA = YES;
				CLANG_WARN_CONSTANT_CONVERSION = YES;
				CLANG_WARN_DEPRECATED_OBJC_IMPLEMENTATIONS = YES;
				CLANG_WARN_DIRECT_OBJC_ISA_USAGE = YES_ERROR;
				CLANG_WARN_DOCUMENTATION_COMMENTS = YES;
				CLANG_WARN_EMPTY_BODY = YES;
				CLANG_WARN_ENUM_CONVERSION = YES;
				CLANG_WARN_INFINITE_RECURSION = YES;
				CLANG_WARN_INT_CONVERSION = YES;
				CLANG_WARN_NON_LITERAL_NULL_CONVERSION = YES;
				CLANG_WARN_OBJC_IMPLICIT_RETAIN_SELF = YES;
				CLANG_WARN_OBJC_LITERAL_CONVERSION = YES;
				CLANG_WARN_OBJC_ROOT_CLASS = YES_ERROR;
				CLANG_WARN_QUOTED_INCLUDE_IN_FRAMEWORK_HEADER = YES;
				CLANG_WARN_RANGE_LOOP_ANALYSIS = YES;
				CLANG_WARN_STRICT_PROTOTYPES = YES;
				CLANG_WARN_SUSPICIOUS_MOVE = YES;
				CLANG_WARN_UNGUARDED_AVAILABILITY = YES_AGGRESSIVE;
				CLANG_WARN_UNREACHABLE_CODE = YES;
				CLANG_WARN__DUPLICATE_METHOD_MATCH = YES;
				COPY_PHASE_STRIP = NO;
				DEBUG_INFORMATION_FORMAT = "dwarf-with-dsym";
				ENABLE_NS_ASSERTIONS = NO;
				ENABLE_STRICT_OBJC_MSGSEND = YES;
				GCC_C_LANGUAGE_STANDARD = gnu11;
				GCC_NO_COMMON_BLOCKS = YES;
				GCC_WARN_64_TO_32_BIT_CONVERSION = YES;
				GCC_WARN_ABOUT_RETURN_TYPE = YES_ERROR;
				GCC_WARN_UNDECLARED_SELECTOR = YES;
				GCC_WARN_UNINITIALIZED_AUTOS = YES_AGGRESSIVE;
				GCC_WARN_UNUSED_FUNCTION = YES;
				GCC_WARN_UNUSED_VARIABLE = YES;
				IPHONEOS_DEPLOYMENT_TARGET = 15.0;
				MTL_ENABLE_DEBUG_INFO = NO;
				MTL_FAST_MATH = YES;
				SDKROOT = iphoneos;
				SWIFT_COMPILATION_MODE = wholemodule;
				SWIFT_OPTIMIZATION_LEVEL = "-O";
				VALIDATE_PRODUCT = YES;
			};
			name = Release;
		};
		BFC796CD272B35F10005447D /* Debug */ = {
			isa = XCBuildConfiguration;
			buildSettings = {
				ASSETCATALOG_COMPILER_APPICON_NAME = AppIcon;
				ASSETCATALOG_COMPILER_GLOBAL_ACCENT_COLOR_NAME = AccentColor;
				CODE_SIGN_STYLE = Automatic;
				CURRENT_PROJECT_VERSION = 1;
				DEVELOPMENT_ASSET_PATHS = "\"PropertyWrapperExample/Preview Content\"";
				DEVELOPMENT_TEAM = R476D442DR;
				ENABLE_PREVIEWS = YES;
				GENERATE_INFOPLIST_FILE = YES;
				INFOPLIST_KEY_UIApplicationSceneManifest_Generation = YES;
				INFOPLIST_KEY_UIApplicationSupportsIndirectInputEvents = YES;
				INFOPLIST_KEY_UILaunchScreen_Generation = YES;
				INFOPLIST_KEY_UISupportedInterfaceOrientations_iPad = "UIInterfaceOrientationPortrait UIInterfaceOrientationPortraitUpsideDown UIInterfaceOrientationLandscapeLeft UIInterfaceOrientationLandscapeRight";
				INFOPLIST_KEY_UISupportedInterfaceOrientations_iPhone = "UIInterfaceOrientationPortrait UIInterfaceOrientationLandscapeLeft UIInterfaceOrientationLandscapeRight";
				LD_RUNPATH_SEARCH_PATHS = (
					"$(inherited)",
					"@executable_path/Frameworks",
				);
				MARKETING_VERSION = 1.0;
				PRODUCT_BUNDLE_IDENTIFIER = com.example.PropertyWrapperExample;
				PRODUCT_NAME = "$(TARGET_NAME)";
				SWIFT_EMIT_LOC_STRINGS = YES;
				SWIFT_VERSION = 5.0;
				TARGETED_DEVICE_FAMILY = "1,2";
			};
			name = Debug;
		};
		BFC796CE272B35F10005447D /* Release */ = {
			isa = XCBuildConfiguration;
			buildSettings = {
				ASSETCATALOG_COMPILER_APPICON_NAME = AppIcon;
				ASSETCATALOG_COMPILER_GLOBAL_ACCENT_COLOR_NAME = AccentColor;
				CODE_SIGN_STYLE = Automatic;
				CURRENT_PROJECT_VERSION = 1;
				DEVELOPMENT_ASSET_PATHS = "\"PropertyWrapperExample/Preview Content\"";
				DEVELOPMENT_TEAM = R476D442DR;
				ENABLE_PREVIEWS = YES;
				GENERATE_INFOPLIST_FILE = YES;
				INFOPLIST_KEY_UIApplicationSceneManifest_Generation = YES;
				INFOPLIST_KEY_UIApplicationSupportsIndirectInputEvents = YES;
				INFOPLIST_KEY_UILaunchScreen_Generation = YES;
				INFOPLIST_KEY_UISupportedInterfaceOrientations_iPad = "UIInterfaceOrientationPortrait UIInterfaceOrientationPortraitUpsideDown UIInterfaceOrientationLandscapeLeft UIInterfaceOrientationLandscapeRight";
				INFOPLIST_KEY_UISupportedInterfaceOrientations_iPhone = "UIInterfaceOrientationPortrait UIInterfaceOrientationLandscapeLeft UIInterfaceOrientationLandscapeRight";
				LD_RUNPATH_SEARCH_PATHS = (
					"$(inherited)",
					"@executable_path/Frameworks",
				);
				MARKETING_VERSION = 1.0;
				PRODUCT_BUNDLE_IDENTIFIER = com.example.PropertyWrapperExample;
				PRODUCT_NAME = "$(TARGET_NAME)";
				SWIFT_EMIT_LOC_STRINGS = YES;
				SWIFT_VERSION = 5.0;
				TARGETED_DEVICE_FAMILY = "1,2";
			};
			name = Release;
		};
		BFC796D0272B35F10005447D /* Debug */ = {
			isa = XCBuildConfiguration;
			buildSettings = {
				ALWAYS_EMBED_SWIFT_STANDARD_LIBRARIES = YES;
				BUNDLE_LOADER = "$(TEST_HOST)";
				CODE_SIGN_STYLE = Automatic;
				CURRENT_PROJECT_VERSION = 1;
				DEVELOPMENT_TEAM = R476D442DR;
				GENERATE_INFOPLIST_FILE = YES;
				IPHONEOS_DEPLOYMENT_TARGET = 15.0;
				LD_RUNPATH_SEARCH_PATHS = (
					"$(inherited)",
					"@executable_path/Frameworks",
					"@loader_path/Frameworks",
				);
				MARKETING_VERSION = 1.0;
				PRODUCT_BUNDLE_IDENTIFIER = com.example.PropertyWrapperExampleTests;
				PRODUCT_NAME = "$(TARGET_NAME)";
				SWIFT_EMIT_LOC_STRINGS = NO;
				SWIFT_VERSION = 5.0;
				TARGETED_DEVICE_FAMILY = "1,2";
				TEST_HOST = "$(BUILT_PRODUCTS_DIR)/PropertyWrapperExample.app/PropertyWrapperExample";
			};
			name = Debug;
		};
		BFC796D1272B35F10005447D /* Release */ = {
			isa = XCBuildConfiguration;
			buildSettings = {
				ALWAYS_EMBED_SWIFT_STANDARD_LIBRARIES = YES;
				BUNDLE_LOADER = "$(TEST_HOST)";
				CODE_SIGN_STYLE = Automatic;
				CURRENT_PROJECT_VERSION = 1;
				DEVELOPMENT_TEAM = R476D442DR;
				GENERATE_INFOPLIST_FILE = YES;
				IPHONEOS_DEPLOYMENT_TARGET = 15.0;
				LD_RUNPATH_SEARCH_PATHS = (
					"$(inherited)",
					"@executable_path/Frameworks",
					"@loader_path/Frameworks",
				);
				MARKETING_VERSION = 1.0;
				PRODUCT_BUNDLE_IDENTIFIER = com.example.PropertyWrapperExampleTests;
				PRODUCT_NAME = "$(TARGET_NAME)";
				SWIFT_EMIT_LOC_STRINGS = NO;
				SWIFT_VERSION = 5.0;
				TARGETED_DEVICE_FAMILY = "1,2";
				TEST_HOST = "$(BUILT_PRODUCTS_DIR)/PropertyWrapperExample.app/PropertyWrapperExample";
			};
			name = Release;
		};
/* End XCBuildConfiguration section */

/* Begin XCConfigurationList section */
		BFC796A3272B35EF0005447D /* Build configuration list for PBXProject "PropertyWrapperExample" */ = {
			isa = XCConfigurationList;
			buildConfigurations = (
				BFC796CA272B35F10005447D /* Debug */,
				BFC796CB272B35F10005447D /* Release */,
			);
			defaultConfigurationIsVisible = 0;
			defaultConfigurationName = Release;
		};
		BFC796CC272B35F10005447D /* Build configuration list for PBXNativeTarget "PropertyWrapperExample" */ = {
			isa = XCConfigurationList;
			buildConfigurations = (
				BFC796CD272B35F10005447D /* Debug */,
				BFC796CE272B35F10005447D /* Release */,
			);
			defaultConfigurationIsVisible = 0;
			defaultConfigurationName = Release;
		};
		BFC796CF272B35F10005447D /* Build configuration list for PBXNativeTarget "PropertyWrapperExampleTests" */ = {
			isa = XCConfigurationList;
			buildConfigurations = (
				BFC796D0272B35F10005447D /* Debug */,
				BFC796D1272B35F10005447D /* Release */,
			);
			defaultConfigurationIsVisible = 0;
			defaultConfigurationName = Release;
		};
/* End XCConfigurationList section */
	};
	rootObject = BFC796A0272B35EF0005447D /* Project object */;
}
